// !$*UTF8*$!
{
	archiveVersion = 1;
	classes = {
	};
	objectVersion = 56;
	objects = {

/* Begin PBXBuildFile section */
		1A92F0CCED49B3B537613873 /* Pods_Calendar17.framework in Frameworks */ = {isa = PBXBuildFile; fileRef = 57D1CA8982F85F9534834A29 /* Pods_Calendar17.framework */; };
		931DF5C02CCF2B6B0014B1F9 /* Calendar17.xcdatamodeld in Sources */ = {isa = PBXBuildFile; fileRef = 931DF5BE2CCF2B6B0014B1F9 /* Calendar17.xcdatamodeld */; };
		93318DCF2CE72F43000A8AD9 /* WorkData+CoreDataClass.swift in Sources */ = {isa = PBXBuildFile; fileRef = 93318DCD2CE72F43000A8AD9 /* WorkData+CoreDataClass.swift */; };
		93318DD02CE72F43000A8AD9 /* WorkData+CoreDataProperties.swift in Sources */ = {isa = PBXBuildFile; fileRef = 93318DCE2CE72F43000A8AD9 /* WorkData+CoreDataProperties.swift */; };
		93318DD62CE73408000A8AD9 /* AddPartView.swift in Sources */ = {isa = PBXBuildFile; fileRef = 93318DD52CE733F4000A8AD9 /* AddPartView.swift */; };
		9350C1A32CC630C9008A3BA3 /* holiday.swift in Sources */ = {isa = PBXBuildFile; fileRef = 9350C1A22CC630C9008A3BA3 /* holiday.swift */; };
		9350C1A52CC65A2F008A3BA3 /* Test.swift in Sources */ = {isa = PBXBuildFile; fileRef = 9350C1A42CC65A2F008A3BA3 /* Test.swift */; };
		9350C1A72CCA0194008A3BA3 /* api.swift in Sources */ = {isa = PBXBuildFile; fileRef = 9350C1A62CCA0194008A3BA3 /* api.swift */; };
		935BD8302CA4779700FCBBF8 /* CalendarModel.swift in Sources */ = {isa = PBXBuildFile; fileRef = 935BD82F2CA4779700FCBBF8 /* CalendarModel.swift */; };
		9368C9C52CD33F64005BF9C0 /* TotalCash.swift in Sources */ = {isa = PBXBuildFile; fileRef = 9368C9C42CD33F64005BF9C0 /* TotalCash.swift */; };
		9368C9C72CD34B4E005BF9C0 /* okane.swift in Sources */ = {isa = PBXBuildFile; fileRef = 9368C9C62CD34B4E005BF9C0 /* okane.swift */; };
		9397EA5A2CEB21E000C7FCF2 /* AddEventView.swift in Sources */ = {isa = PBXBuildFile; fileRef = 9397EA592CEB21D600C7FCF2 /* AddEventView.swift */; };
		93B356B52CDB80C00019DF49 /* Persistence.swift in Sources */ = {isa = PBXBuildFile; fileRef = 93B356B42CDB80C00019DF49 /* Persistence.swift */; };
		93B357472CDBC8F90019DF49 /* wakudata.swift in Sources */ = {isa = PBXBuildFile; fileRef = 93B357462CDBC8F90019DF49 /* wakudata.swift */; };
		93B398C22CA2765B0069D8B9 /* Calendar17App.swift in Sources */ = {isa = PBXBuildFile; fileRef = 93B398C12CA2765B0069D8B9 /* Calendar17App.swift */; };
		93B398C42CA2765B0069D8B9 /* ContentView.swift in Sources */ = {isa = PBXBuildFile; fileRef = 93B398C32CA2765B0069D8B9 /* ContentView.swift */; };
		93B398C62CA2765E0069D8B9 /* Assets.xcassets in Resources */ = {isa = PBXBuildFile; fileRef = 93B398C52CA2765E0069D8B9 /* Assets.xcassets */; };
		93B398C92CA2765E0069D8B9 /* Preview Assets.xcassets in Resources */ = {isa = PBXBuildFile; fileRef = 93B398C82CA2765E0069D8B9 /* Preview Assets.xcassets */; };
		93B398D02CA276EB0069D8B9 /* weekday.swift in Sources */ = {isa = PBXBuildFile; fileRef = 93B398CF2CA276EB0069D8B9 /* weekday.swift */; };
		93B398D22CA27D1C0069D8B9 /* AppDelegate.swift in Sources */ = {isa = PBXBuildFile; fileRef = 93B398D12CA27D1C0069D8B9 /* AppDelegate.swift */; };
		93B398D62CA281E50069D8B9 /* leapYear.swift in Sources */ = {isa = PBXBuildFile; fileRef = 93B398D52CA281E50069D8B9 /* leapYear.swift */; };
		93B398D82CA283390069D8B9 /* zeller.swift in Sources */ = {isa = PBXBuildFile; fileRef = 93B398D72CA283390069D8B9 /* zeller.swift */; };
		93B398DA2CA286840069D8B9 /* week.swift in Sources */ = {isa = PBXBuildFile; fileRef = 93B398D92CA286840069D8B9 /* week.swift */; };
		93B398DC2CA289690069D8B9 /* currentMonth.swift in Sources */ = {isa = PBXBuildFile; fileRef = 93B398DB2CA289690069D8B9 /* currentMonth.swift */; };
		93B398DE2CA28AA70069D8B9 /* calendarView.swift in Sources */ = {isa = PBXBuildFile; fileRef = 93B398DD2CA28AA70069D8B9 /* calendarView.swift */; };
		93B398E02CA292EC0069D8B9 /* CalendarList.swift in Sources */ = {isa = PBXBuildFile; fileRef = 93B398DF2CA292EC0069D8B9 /* CalendarList.swift */; };
		93C128E82CAE6AAF00C90369 /* cash.swift in Sources */ = {isa = PBXBuildFile; fileRef = 93C128E72CAE6AAE00C90369 /* cash.swift */; };
		93C128EA2CAE6ABD00C90369 /* other.swift in Sources */ = {isa = PBXBuildFile; fileRef = 93C128E92CAE6ABD00C90369 /* other.swift */; };
		93D726BA2CB380FA00CCC15E /* AddWorkDataView.swift in Sources */ = {isa = PBXBuildFile; fileRef = 93D726B92CB380FA00CCC15E /* AddWorkDataView.swift */; };
		C6246F372CE300E600981B23 /* Untitled.swift in Sources */ = {isa = PBXBuildFile; fileRef = C6246F362CE300DE00981B23 /* Untitled.swift */; };
		C66787542CEC1B150003572C /* Event+CoreDataProperties.swift in Sources */ = {isa = PBXBuildFile; fileRef = C66787532CEC1B150003572C /* Event+CoreDataProperties.swift */; };
		C66787582CEC1C620003572C /* Event+CoreDataClass.swift in Sources */ = {isa = PBXBuildFile; fileRef = C66787572CEC1C500003572C /* Event+CoreDataClass.swift */; };
		C668093D2CFECC02004898A5 /* EditEventView.swift in Sources */ = {isa = PBXBuildFile; fileRef = C668093C2CFECBF0004898A5 /* EditEventView.swift */; };
		C66823052CF71161000ED318 /* AddNewWorkData.swift in Sources */ = {isa = PBXBuildFile; fileRef = C66823042CF7115D000ED318 /* AddNewWorkData.swift */; };
		C68203BC2D2B840C0097E616 /* GoogleService-Info.plist in Resources */ = {isa = PBXBuildFile; fileRef = C68203BB2D2B840C0097E616 /* GoogleService-Info.plist */; };
		C683CA6B2D11826D00E13BC8 /* SalaryView.swift in Sources */ = {isa = PBXBuildFile; fileRef = C683CA6A2D11826400E13BC8 /* SalaryView.swift */; };
		C683CA6D2D11828900E13BC8 /* NightView.swift in Sources */ = {isa = PBXBuildFile; fileRef = C683CA6C2D11827300E13BC8 /* NightView.swift */; };
		C69732462CF58D6E001410CD /* Color16.swift in Sources */ = {isa = PBXBuildFile; fileRef = C69732452CF58D66001410CD /* Color16.swift */; };
		C69732482CF59799001410CD /* EditPartListView.swift in Sources */ = {isa = PBXBuildFile; fileRef = C69732472CF5978D001410CD /* EditPartListView.swift */; };
		C6C698F12D19431F00989B0E /* EventListView.swift in Sources */ = {isa = PBXBuildFile; fileRef = C6C698F02D19431500989B0E /* EventListView.swift */; };
		C6D752522CF82DCD00F5907C /* EventDetailView.swift in Sources */ = {isa = PBXBuildFile; fileRef = C6D752512CF82DC100F5907C /* EventDetailView.swift */; };
		C6D752542CF841C500F5907C /* EditWorkDataView.swift in Sources */ = {isa = PBXBuildFile; fileRef = C6D752532CF841BC00F5907C /* EditWorkDataView.swift */; };
/* End PBXBuildFile section */

/* Begin PBXFileReference section */
		0B7EBEF91CC6867D8F3DB504 /* Pods-Calendar17.release.xcconfig */ = {isa = PBXFileReference; includeInIndex = 1; lastKnownFileType = text.xcconfig; name = "Pods-Calendar17.release.xcconfig"; path = "Target Support Files/Pods-Calendar17/Pods-Calendar17.release.xcconfig"; sourceTree = "<group>"; };
		1F8A9CBEA59C6F43E15A46E6 /* Pods-Calendar17.debug.xcconfig */ = {isa = PBXFileReference; includeInIndex = 1; lastKnownFileType = text.xcconfig; name = "Pods-Calendar17.debug.xcconfig"; path = "Target Support Files/Pods-Calendar17/Pods-Calendar17.debug.xcconfig"; sourceTree = "<group>"; };
		57D1CA8982F85F9534834A29 /* Pods_Calendar17.framework */ = {isa = PBXFileReference; explicitFileType = wrapper.framework; includeInIndex = 0; path = Pods_Calendar17.framework; sourceTree = BUILT_PRODUCTS_DIR; };
		931DF5BF2CCF2B6B0014B1F9 /* Model.xcdatamodel */ = {isa = PBXFileReference; lastKnownFileType = wrapper.xcdatamodel; path = Model.xcdatamodel; sourceTree = "<group>"; };
		93318DCD2CE72F43000A8AD9 /* WorkData+CoreDataClass.swift */ = {isa = PBXFileReference; lastKnownFileType = sourcecode.swift; path = "WorkData+CoreDataClass.swift"; sourceTree = "<group>"; };
		93318DCE2CE72F43000A8AD9 /* WorkData+CoreDataProperties.swift */ = {isa = PBXFileReference; lastKnownFileType = sourcecode.swift; path = "WorkData+CoreDataProperties.swift"; sourceTree = "<group>"; };
		93318DD52CE733F4000A8AD9 /* AddPartView.swift */ = {isa = PBXFileReference; lastKnownFileType = sourcecode.swift; path = AddPartView.swift; sourceTree = "<group>"; };
		934CC8B32CDC614200B82C55 /* Model 2.xcdatamodel */ = {isa = PBXFileReference; lastKnownFileType = wrapper.xcdatamodel; path = "Model 2.xcdatamodel"; sourceTree = "<group>"; };
		9350C1A22CC630C9008A3BA3 /* holiday.swift */ = {isa = PBXFileReference; lastKnownFileType = sourcecode.swift; path = holiday.swift; sourceTree = "<group>"; };
		9350C1A42CC65A2F008A3BA3 /* Test.swift */ = {isa = PBXFileReference; lastKnownFileType = sourcecode.swift; path = Test.swift; sourceTree = "<group>"; };
		9350C1A62CCA0194008A3BA3 /* api.swift */ = {isa = PBXFileReference; lastKnownFileType = sourcecode.swift; path = api.swift; sourceTree = "<group>"; };
		9359E82D2CDC855100299D82 /* Model 3.xcdatamodel */ = {isa = PBXFileReference; lastKnownFileType = wrapper.xcdatamodel; path = "Model 3.xcdatamodel"; sourceTree = "<group>"; };
		9359E8322CE1DD8800299D82 /* Model 4.xcdatamodel */ = {isa = PBXFileReference; lastKnownFileType = wrapper.xcdatamodel; path = "Model 4.xcdatamodel"; sourceTree = "<group>"; };
		935BD82F2CA4779700FCBBF8 /* CalendarModel.swift */ = {isa = PBXFileReference; lastKnownFileType = sourcecode.swift; path = CalendarModel.swift; sourceTree = "<group>"; };
		9368C9C42CD33F64005BF9C0 /* TotalCash.swift */ = {isa = PBXFileReference; lastKnownFileType = sourcecode.swift; path = TotalCash.swift; sourceTree = "<group>"; };
		9368C9C62CD34B4E005BF9C0 /* okane.swift */ = {isa = PBXFileReference; lastKnownFileType = sourcecode.swift; path = okane.swift; sourceTree = "<group>"; };
		9397EA592CEB21D600C7FCF2 /* AddEventView.swift */ = {isa = PBXFileReference; lastKnownFileType = sourcecode.swift; path = AddEventView.swift; sourceTree = "<group>"; };
		93B356B42CDB80C00019DF49 /* Persistence.swift */ = {isa = PBXFileReference; lastKnownFileType = sourcecode.swift; path = Persistence.swift; sourceTree = "<group>"; };
		93B357462CDBC8F90019DF49 /* wakudata.swift */ = {isa = PBXFileReference; lastKnownFileType = sourcecode.swift; path = wakudata.swift; sourceTree = "<group>"; };
		93B398BE2CA2765B0069D8B9 /* Calendar17.app */ = {isa = PBXFileReference; explicitFileType = wrapper.application; includeInIndex = 0; path = Calendar17.app; sourceTree = BUILT_PRODUCTS_DIR; };
		93B398C12CA2765B0069D8B9 /* Calendar17App.swift */ = {isa = PBXFileReference; lastKnownFileType = sourcecode.swift; path = Calendar17App.swift; sourceTree = "<group>"; };
		93B398C32CA2765B0069D8B9 /* ContentView.swift */ = {isa = PBXFileReference; lastKnownFileType = sourcecode.swift; path = ContentView.swift; sourceTree = "<group>"; };
		93B398C52CA2765E0069D8B9 /* Assets.xcassets */ = {isa = PBXFileReference; lastKnownFileType = folder.assetcatalog; path = Assets.xcassets; sourceTree = "<group>"; };
		93B398C82CA2765E0069D8B9 /* Preview Assets.xcassets */ = {isa = PBXFileReference; lastKnownFileType = folder.assetcatalog; path = "Preview Assets.xcassets"; sourceTree = "<group>"; };
		93B398CF2CA276EB0069D8B9 /* weekday.swift */ = {isa = PBXFileReference; lastKnownFileType = sourcecode.swift; path = weekday.swift; sourceTree = "<group>"; };
		93B398D12CA27D1C0069D8B9 /* AppDelegate.swift */ = {isa = PBXFileReference; lastKnownFileType = sourcecode.swift; path = AppDelegate.swift; sourceTree = "<group>"; };
		93B398D52CA281E50069D8B9 /* leapYear.swift */ = {isa = PBXFileReference; lastKnownFileType = sourcecode.swift; path = leapYear.swift; sourceTree = "<group>"; };
		93B398D72CA283390069D8B9 /* zeller.swift */ = {isa = PBXFileReference; lastKnownFileType = sourcecode.swift; path = zeller.swift; sourceTree = "<group>"; };
		93B398D92CA286840069D8B9 /* week.swift */ = {isa = PBXFileReference; lastKnownFileType = sourcecode.swift; path = week.swift; sourceTree = "<group>"; };
		93B398DB2CA289690069D8B9 /* currentMonth.swift */ = {isa = PBXFileReference; lastKnownFileType = sourcecode.swift; path = currentMonth.swift; sourceTree = "<group>"; };
		93B398DD2CA28AA70069D8B9 /* calendarView.swift */ = {isa = PBXFileReference; lastKnownFileType = sourcecode.swift; path = calendarView.swift; sourceTree = "<group>"; };
		93B398DF2CA292EC0069D8B9 /* CalendarList.swift */ = {isa = PBXFileReference; lastKnownFileType = sourcecode.swift; path = CalendarList.swift; sourceTree = "<group>"; };
		93C128E72CAE6AAE00C90369 /* cash.swift */ = {isa = PBXFileReference; lastKnownFileType = sourcecode.swift; path = cash.swift; sourceTree = "<group>"; };
		93C128E92CAE6ABD00C90369 /* other.swift */ = {isa = PBXFileReference; lastKnownFileType = sourcecode.swift; path = other.swift; sourceTree = "<group>"; };
		93D726B92CB380FA00CCC15E /* AddWorkDataView.swift */ = {isa = PBXFileReference; lastKnownFileType = sourcecode.swift; path = AddWorkDataView.swift; sourceTree = "<group>"; };
		C6246F362CE300DE00981B23 /* Untitled.swift */ = {isa = PBXFileReference; lastKnownFileType = sourcecode.swift; path = Untitled.swift; sourceTree = "<group>"; };
		C66787532CEC1B150003572C /* Event+CoreDataProperties.swift */ = {isa = PBXFileReference; lastKnownFileType = sourcecode.swift; path = "Event+CoreDataProperties.swift"; sourceTree = "<group>"; };
		C66787572CEC1C500003572C /* Event+CoreDataClass.swift */ = {isa = PBXFileReference; lastKnownFileType = sourcecode.swift; path = "Event+CoreDataClass.swift"; sourceTree = "<group>"; };
		C668093C2CFECBF0004898A5 /* EditEventView.swift */ = {isa = PBXFileReference; lastKnownFileType = sourcecode.swift; path = EditEventView.swift; sourceTree = "<group>"; };
		C66823042CF7115D000ED318 /* AddNewWorkData.swift */ = {isa = PBXFileReference; lastKnownFileType = sourcecode.swift; path = AddNewWorkData.swift; sourceTree = "<group>"; };
		C68203BB2D2B840C0097E616 /* GoogleService-Info.plist */ = {isa = PBXFileReference; lastKnownFileType = text.plist.xml; path = "GoogleService-Info.plist"; sourceTree = "<group>"; };
		C683CA6A2D11826400E13BC8 /* SalaryView.swift */ = {isa = PBXFileReference; lastKnownFileType = sourcecode.swift; path = SalaryView.swift; sourceTree = "<group>"; };
		C683CA6C2D11827300E13BC8 /* NightView.swift */ = {isa = PBXFileReference; lastKnownFileType = sourcecode.swift; path = NightView.swift; sourceTree = "<group>"; };
		C69732452CF58D66001410CD /* Color16.swift */ = {isa = PBXFileReference; lastKnownFileType = sourcecode.swift; path = Color16.swift; sourceTree = "<group>"; };
		C69732472CF5978D001410CD /* EditPartListView.swift */ = {isa = PBXFileReference; lastKnownFileType = sourcecode.swift; path = EditPartListView.swift; sourceTree = "<group>"; };
		C6C698F02D19431500989B0E /* EventListView.swift */ = {isa = PBXFileReference; lastKnownFileType = sourcecode.swift; path = EventListView.swift; sourceTree = "<group>"; };
		C6D752512CF82DC100F5907C /* EventDetailView.swift */ = {isa = PBXFileReference; lastKnownFileType = sourcecode.swift; path = EventDetailView.swift; sourceTree = "<group>"; };
		C6D752532CF841BC00F5907C /* EditWorkDataView.swift */ = {isa = PBXFileReference; lastKnownFileType = sourcecode.swift; path = EditWorkDataView.swift; sourceTree = "<group>"; };
/* End PBXFileReference section */

/* Begin PBXFrameworksBuildPhase section */
		93B398BB2CA2765B0069D8B9 /* Frameworks */ = {
			isa = PBXFrameworksBuildPhase;
			buildActionMask = 2147483647;
			files = (
				1A92F0CCED49B3B537613873 /* Pods_Calendar17.framework in Frameworks */,
			);
			runOnlyForDeploymentPostprocessing = 0;
		};
/* End PBXFrameworksBuildPhase section */

/* Begin PBXGroup section */
		93B398B52CA2765B0069D8B9 = {
			isa = PBXGroup;
			children = (
				93B398C02CA2765B0069D8B9 /* Calendar17 */,
				93B398BF2CA2765B0069D8B9 /* Products */,
				CB45244224D84CAE9C0C8E4D /* Pods */,
				FC256121EC77C6D024A3B065 /* Frameworks */,
			);
			sourceTree = "<group>";
		};
		93B398BF2CA2765B0069D8B9 /* Products */ = {
			isa = PBXGroup;
			children = (
				93B398BE2CA2765B0069D8B9 /* Calendar17.app */,
			);
			name = Products;
			sourceTree = "<group>";
		};
		93B398C02CA2765B0069D8B9 /* Calendar17 */ = {
			isa = PBXGroup;
			children = (
				C68203BB2D2B840C0097E616 /* GoogleService-Info.plist */,
				C6246F362CE300DE00981B23 /* Untitled.swift */,
				C66787572CEC1C500003572C /* Event+CoreDataClass.swift */,
				C66787532CEC1B150003572C /* Event+CoreDataProperties.swift */,
				93318DCE2CE72F43000A8AD9 /* WorkData+CoreDataProperties.swift */,
				93318DCD2CE72F43000A8AD9 /* WorkData+CoreDataClass.swift */,
				931DF5BE2CCF2B6B0014B1F9 /* Calendar17.xcdatamodeld */,
				93B398C12CA2765B0069D8B9 /* Calendar17App.swift */,
				9350C1A62CCA0194008A3BA3 /* api.swift */,
				93B356B42CDB80C00019DF49 /* Persistence.swift */,
				93B398C52CA2765E0069D8B9 /* Assets.xcassets */,
				93B398D12CA27D1C0069D8B9 /* AppDelegate.swift */,
				93B398D52CA281E50069D8B9 /* leapYear.swift */,
				C6C698F02D19431500989B0E /* EventListView.swift */,
				C69732452CF58D66001410CD /* Color16.swift */,
				C683CA6A2D11826400E13BC8 /* SalaryView.swift */,
				C683CA6C2D11827300E13BC8 /* NightView.swift */,
				93D726B92CB380FA00CCC15E /* AddWorkDataView.swift */,
				9397EA592CEB21D600C7FCF2 /* AddEventView.swift */,
				C69732472CF5978D001410CD /* EditPartListView.swift */,
				C6D752532CF841BC00F5907C /* EditWorkDataView.swift */,
				C668093C2CFECBF0004898A5 /* EditEventView.swift */,
				93B398DF2CA292EC0069D8B9 /* CalendarList.swift */,
				C66823042CF7115D000ED318 /* AddNewWorkData.swift */,
				C6D752512CF82DC100F5907C /* EventDetailView.swift */,
				93B398C32CA2765B0069D8B9 /* ContentView.swift */,
				935BD82F2CA4779700FCBBF8 /* CalendarModel.swift */,
				93B398DD2CA28AA70069D8B9 /* calendarView.swift */,
				93B398CF2CA276EB0069D8B9 /* weekday.swift */,
				9350C1A22CC630C9008A3BA3 /* holiday.swift */,
				93318DD52CE733F4000A8AD9 /* AddPartView.swift */,
				93B398D72CA283390069D8B9 /* zeller.swift */,
				93B398D92CA286840069D8B9 /* week.swift */,
				93C128E72CAE6AAE00C90369 /* cash.swift */,
				9368C9C62CD34B4E005BF9C0 /* okane.swift */,
				93C128E92CAE6ABD00C90369 /* other.swift */,
				9368C9C42CD33F64005BF9C0 /* TotalCash.swift */,
				93B398DB2CA289690069D8B9 /* currentMonth.swift */,
				93B357462CDBC8F90019DF49 /* wakudata.swift */,
				9350C1A42CC65A2F008A3BA3 /* Test.swift */,
				93B398C72CA2765E0069D8B9 /* Preview Content */,
			);
			path = Calendar17;
			sourceTree = "<group>";
		};
		93B398C72CA2765E0069D8B9 /* Preview Content */ = {
			isa = PBXGroup;
			children = (
				93B398C82CA2765E0069D8B9 /* Preview Assets.xcassets */,
			);
			path = "Preview Content";
			sourceTree = "<group>";
		};
		CB45244224D84CAE9C0C8E4D /* Pods */ = {
			isa = PBXGroup;
			children = (
				1F8A9CBEA59C6F43E15A46E6 /* Pods-Calendar17.debug.xcconfig */,
				0B7EBEF91CC6867D8F3DB504 /* Pods-Calendar17.release.xcconfig */,
			);
			name = Pods;
			path = Pods;
			sourceTree = "<group>";
		};
		FC256121EC77C6D024A3B065 /* Frameworks */ = {
			isa = PBXGroup;
			children = (
				57D1CA8982F85F9534834A29 /* Pods_Calendar17.framework */,
			);
			name = Frameworks;
			sourceTree = "<group>";
		};
/* End PBXGroup section */

/* Begin PBXNativeTarget section */
		93B398BD2CA2765B0069D8B9 /* Calendar17 */ = {
			isa = PBXNativeTarget;
			buildConfigurationList = 93B398CC2CA2765E0069D8B9 /* Build configuration list for PBXNativeTarget "Calendar17" */;
			buildPhases = (
				F28DEE2ADF5F07B490FC7B50 /* [CP] Check Pods Manifest.lock */,
				93B398BA2CA2765B0069D8B9 /* Sources */,
				93B398BB2CA2765B0069D8B9 /* Frameworks */,
				93B398BC2CA2765B0069D8B9 /* Resources */,
				245B28833809F04AC6E9AE79 /* [CP] Embed Pods Frameworks */,
			);
			buildRules = (
			);
			dependencies = (
			);
			name = Calendar17;
			productName = Calendar17;
			productReference = 93B398BE2CA2765B0069D8B9 /* Calendar17.app */;
			productType = "com.apple.product-type.application";
		};
/* End PBXNativeTarget section */

/* Begin PBXProject section */
		93B398B62CA2765B0069D8B9 /* Project object */ = {
			isa = PBXProject;
			attributes = {
				BuildIndependentTargetsInParallel = 1;
				LastSwiftUpdateCheck = 1540;
				LastUpgradeCheck = 1540;
				TargetAttributes = {
					93B398BD2CA2765B0069D8B9 = {
						CreatedOnToolsVersion = 15.4;
					};
				};
			};
			buildConfigurationList = 93B398B92CA2765B0069D8B9 /* Build configuration list for PBXProject "Calendar17" */;
			compatibilityVersion = "Xcode 14.0";
			developmentRegion = en;
			hasScannedForEncodings = 0;
			knownRegions = (
				en,
				Base,
			);
			mainGroup = 93B398B52CA2765B0069D8B9;
			packageReferences = (
				C68203BD2D2B85640097E616 /* XCRemoteSwiftPackageReference "firebase-ios-sdk" */,
			);
			productRefGroup = 93B398BF2CA2765B0069D8B9 /* Products */;
			projectDirPath = "";
			projectRoot = "";
			targets = (
				93B398BD2CA2765B0069D8B9 /* Calendar17 */,
			);
		};
/* End PBXProject section */

/* Begin PBXResourcesBuildPhase section */
		93B398BC2CA2765B0069D8B9 /* Resources */ = {
			isa = PBXResourcesBuildPhase;
			buildActionMask = 2147483647;
			files = (
				93B398C92CA2765E0069D8B9 /* Preview Assets.xcassets in Resources */,
				93B398C62CA2765E0069D8B9 /* Assets.xcassets in Resources */,
				C68203BC2D2B840C0097E616 /* GoogleService-Info.plist in Resources */,
			);
			runOnlyForDeploymentPostprocessing = 0;
		};
/* End PBXResourcesBuildPhase section */

/* Begin PBXShellScriptBuildPhase section */
		245B28833809F04AC6E9AE79 /* [CP] Embed Pods Frameworks */ = {
			isa = PBXShellScriptBuildPhase;
			buildActionMask = 2147483647;
			files = (
			);
			inputFileListPaths = (
				"${PODS_ROOT}/Target Support Files/Pods-Calendar17/Pods-Calendar17-frameworks-${CONFIGURATION}-input-files.xcfilelist",
			);
			name = "[CP] Embed Pods Frameworks";
			outputFileListPaths = (
				"${PODS_ROOT}/Target Support Files/Pods-Calendar17/Pods-Calendar17-frameworks-${CONFIGURATION}-output-files.xcfilelist",
			);
			runOnlyForDeploymentPostprocessing = 0;
			shellPath = /bin/sh;
			shellScript = "\"${PODS_ROOT}/Target Support Files/Pods-Calendar17/Pods-Calendar17-frameworks.sh\"\n";
			showEnvVarsInLog = 0;
		};
		F28DEE2ADF5F07B490FC7B50 /* [CP] Check Pods Manifest.lock */ = {
			isa = PBXShellScriptBuildPhase;
			buildActionMask = 2147483647;
			files = (
			);
			inputFileListPaths = (
			);
			inputPaths = (
				"${PODS_PODFILE_DIR_PATH}/Podfile.lock",
				"${PODS_ROOT}/Manifest.lock",
			);
			name = "[CP] Check Pods Manifest.lock";
			outputFileListPaths = (
			);
			outputPaths = (
				"$(DERIVED_FILE_DIR)/Pods-Calendar17-checkManifestLockResult.txt",
			);
			runOnlyForDeploymentPostprocessing = 0;
			shellPath = /bin/sh;
			shellScript = "diff \"${PODS_PODFILE_DIR_PATH}/Podfile.lock\" \"${PODS_ROOT}/Manifest.lock\" > /dev/null\nif [ $? != 0 ] ; then\n    # print error to STDERR\n    echo \"error: The sandbox is not in sync with the Podfile.lock. Run 'pod install' or update your CocoaPods installation.\" >&2\n    exit 1\nfi\n# This output is used by Xcode 'outputs' to avoid re-running this script phase.\necho \"SUCCESS\" > \"${SCRIPT_OUTPUT_FILE_0}\"\n";
			showEnvVarsInLog = 0;
		};
/* End PBXShellScriptBuildPhase section */

/* Begin PBXSourcesBuildPhase section */
		93B398BA2CA2765B0069D8B9 /* Sources */ = {
			isa = PBXSourcesBuildPhase;
			buildActionMask = 2147483647;
			files = (
				C66823052CF71161000ED318 /* AddNewWorkData.swift in Sources */,
				93B398DE2CA28AA70069D8B9 /* calendarView.swift in Sources */,
				93B398D62CA281E50069D8B9 /* leapYear.swift in Sources */,
				9368C9C72CD34B4E005BF9C0 /* okane.swift in Sources */,
				9350C1A72CCA0194008A3BA3 /* api.swift in Sources */,
				9350C1A32CC630C9008A3BA3 /* holiday.swift in Sources */,
				93B398D22CA27D1C0069D8B9 /* AppDelegate.swift in Sources */,
				C69732462CF58D6E001410CD /* Color16.swift in Sources */,
				9397EA5A2CEB21E000C7FCF2 /* AddEventView.swift in Sources */,
				C6246F372CE300E600981B23 /* Untitled.swift in Sources */,
				93B398E02CA292EC0069D8B9 /* CalendarList.swift in Sources */,
				C66787582CEC1C620003572C /* Event+CoreDataClass.swift in Sources */,
				93B356B52CDB80C00019DF49 /* Persistence.swift in Sources */,
				C668093D2CFECC02004898A5 /* EditEventView.swift in Sources */,
				C683CA6D2D11828900E13BC8 /* NightView.swift in Sources */,
				C66787542CEC1B150003572C /* Event+CoreDataProperties.swift in Sources */,
				9350C1A52CC65A2F008A3BA3 /* Test.swift in Sources */,
				93B398C42CA2765B0069D8B9 /* ContentView.swift in Sources */,
				93C128E82CAE6AAF00C90369 /* cash.swift in Sources */,
				C683CA6B2D11826D00E13BC8 /* SalaryView.swift in Sources */,
				93318DCF2CE72F43000A8AD9 /* WorkData+CoreDataClass.swift in Sources */,
				93318DD02CE72F43000A8AD9 /* WorkData+CoreDataProperties.swift in Sources */,
				C6D752542CF841C500F5907C /* EditWorkDataView.swift in Sources */,
				93B398D82CA283390069D8B9 /* zeller.swift in Sources */,
				C6D752522CF82DCD00F5907C /* EventDetailView.swift in Sources */,
				93B398C22CA2765B0069D8B9 /* Calendar17App.swift in Sources */,
				93B398DA2CA286840069D8B9 /* week.swift in Sources */,
				C6C698F12D19431F00989B0E /* EventListView.swift in Sources */,
				93318DD62CE73408000A8AD9 /* AddPartView.swift in Sources */,
				93D726BA2CB380FA00CCC15E /* AddWorkDataView.swift in Sources */,
				93B398DC2CA289690069D8B9 /* currentMonth.swift in Sources */,
				93C128EA2CAE6ABD00C90369 /* other.swift in Sources */,
				93B357472CDBC8F90019DF49 /* wakudata.swift in Sources */,
				93B398D02CA276EB0069D8B9 /* weekday.swift in Sources */,
				9368C9C52CD33F64005BF9C0 /* TotalCash.swift in Sources */,
				C69732482CF59799001410CD /* EditPartListView.swift in Sources */,
				931DF5C02CCF2B6B0014B1F9 /* Calendar17.xcdatamodeld in Sources */,
				935BD8302CA4779700FCBBF8 /* CalendarModel.swift in Sources */,
			);
			runOnlyForDeploymentPostprocessing = 0;
		};
/* End PBXSourcesBuildPhase section */

/* Begin XCBuildConfiguration section */
		93B398CA2CA2765E0069D8B9 /* Debug */ = {
			isa = XCBuildConfiguration;
			buildSettings = {
				ALWAYS_SEARCH_USER_PATHS = NO;
				ASSETCATALOG_COMPILER_GENERATE_SWIFT_ASSET_SYMBOL_EXTENSIONS = YES;
				CLANG_ANALYZER_NONNULL = YES;
				CLANG_ANALYZER_NUMBER_OBJECT_CONVERSION = YES_AGGRESSIVE;
				CLANG_CXX_LANGUAGE_STANDARD = "gnu++20";
				CLANG_ENABLE_MODULES = YES;
				CLANG_ENABLE_OBJC_ARC = YES;
				CLANG_ENABLE_OBJC_WEAK = YES;
				CLANG_WARN_BLOCK_CAPTURE_AUTORELEASING = YES;
				CLANG_WARN_BOOL_CONVERSION = YES;
				CLANG_WARN_COMMA = YES;
				CLANG_WARN_CONSTANT_CONVERSION = YES;
				CLANG_WARN_DEPRECATED_OBJC_IMPLEMENTATIONS = YES;
				CLANG_WARN_DIRECT_OBJC_ISA_USAGE = YES_ERROR;
				CLANG_WARN_DOCUMENTATION_COMMENTS = YES;
				CLANG_WARN_EMPTY_BODY = YES;
				CLANG_WARN_ENUM_CONVERSION = YES;
				CLANG_WARN_INFINITE_RECURSION = YES;
				CLANG_WARN_INT_CONVERSION = YES;
				CLANG_WARN_NON_LITERAL_NULL_CONVERSION = YES;
				CLANG_WARN_OBJC_IMPLICIT_RETAIN_SELF = YES;
				CLANG_WARN_OBJC_LITERAL_CONVERSION = YES;
				CLANG_WARN_OBJC_ROOT_CLASS = YES_ERROR;
				CLANG_WARN_QUOTED_INCLUDE_IN_FRAMEWORK_HEADER = YES;
				CLANG_WARN_RANGE_LOOP_ANALYSIS = YES;
				CLANG_WARN_STRICT_PROTOTYPES = YES;
				CLANG_WARN_SUSPICIOUS_MOVE = YES;
				CLANG_WARN_UNGUARDED_AVAILABILITY = YES_AGGRESSIVE;
				CLANG_WARN_UNREACHABLE_CODE = YES;
				CLANG_WARN__DUPLICATE_METHOD_MATCH = YES;
				COPY_PHASE_STRIP = NO;
				DEBUG_INFORMATION_FORMAT = dwarf;
				ENABLE_STRICT_OBJC_MSGSEND = YES;
				ENABLE_TESTABILITY = YES;
				ENABLE_USER_SCRIPT_SANDBOXING = YES;
				GCC_C_LANGUAGE_STANDARD = gnu17;
				GCC_DYNAMIC_NO_PIC = NO;
				GCC_NO_COMMON_BLOCKS = YES;
				GCC_OPTIMIZATION_LEVEL = 0;
				GCC_PREPROCESSOR_DEFINITIONS = (
					"DEBUG=1",
					"$(inherited)",
				);
				GCC_WARN_64_TO_32_BIT_CONVERSION = YES;
				GCC_WARN_ABOUT_RETURN_TYPE = YES_ERROR;
				GCC_WARN_UNDECLARED_SELECTOR = YES;
				GCC_WARN_UNINITIALIZED_AUTOS = YES_AGGRESSIVE;
				GCC_WARN_UNUSED_FUNCTION = YES;
				GCC_WARN_UNUSED_VARIABLE = YES;
				IPHONEOS_DEPLOYMENT_TARGET = 17.5;
				LOCALIZATION_PREFERS_STRING_CATALOGS = YES;
				MTL_ENABLE_DEBUG_INFO = INCLUDE_SOURCE;
				MTL_FAST_MATH = YES;
				ONLY_ACTIVE_ARCH = YES;
				SDKROOT = iphoneos;
				SWIFT_ACTIVE_COMPILATION_CONDITIONS = "DEBUG $(inherited)";
				SWIFT_OPTIMIZATION_LEVEL = "-Onone";
			};
			name = Debug;
		};
		93B398CB2CA2765E0069D8B9 /* Release */ = {
			isa = XCBuildConfiguration;
			buildSettings = {
				ALWAYS_SEARCH_USER_PATHS = NO;
				ASSETCATALOG_COMPILER_GENERATE_SWIFT_ASSET_SYMBOL_EXTENSIONS = YES;
				CLANG_ANALYZER_NONNULL = YES;
				CLANG_ANALYZER_NUMBER_OBJECT_CONVERSION = YES_AGGRESSIVE;
				CLANG_CXX_LANGUAGE_STANDARD = "gnu++20";
				CLANG_ENABLE_MODULES = YES;
				CLANG_ENABLE_OBJC_ARC = YES;
				CLANG_ENABLE_OBJC_WEAK = YES;
				CLANG_WARN_BLOCK_CAPTURE_AUTORELEASING = YES;
				CLANG_WARN_BOOL_CONVERSION = YES;
				CLANG_WARN_COMMA = YES;
				CLANG_WARN_CONSTANT_CONVERSION = YES;
				CLANG_WARN_DEPRECATED_OBJC_IMPLEMENTATIONS = YES;
				CLANG_WARN_DIRECT_OBJC_ISA_USAGE = YES_ERROR;
				CLANG_WARN_DOCUMENTATION_COMMENTS = YES;
				CLANG_WARN_EMPTY_BODY = YES;
				CLANG_WARN_ENUM_CONVERSION = YES;
				CLANG_WARN_INFINITE_RECURSION = YES;
				CLANG_WARN_INT_CONVERSION = YES;
				CLANG_WARN_NON_LITERAL_NULL_CONVERSION = YES;
				CLANG_WARN_OBJC_IMPLICIT_RETAIN_SELF = YES;
				CLANG_WARN_OBJC_LITERAL_CONVERSION = YES;
				CLANG_WARN_OBJC_ROOT_CLASS = YES_ERROR;
				CLANG_WARN_QUOTED_INCLUDE_IN_FRAMEWORK_HEADER = YES;
				CLANG_WARN_RANGE_LOOP_ANALYSIS = YES;
				CLANG_WARN_STRICT_PROTOTYPES = YES;
				CLANG_WARN_SUSPICIOUS_MOVE = YES;
				CLANG_WARN_UNGUARDED_AVAILABILITY = YES_AGGRESSIVE;
				CLANG_WARN_UNREACHABLE_CODE = YES;
				CLANG_WARN__DUPLICATE_METHOD_MATCH = YES;
				COPY_PHASE_STRIP = NO;
				DEBUG_INFORMATION_FORMAT = "dwarf-with-dsym";
				ENABLE_NS_ASSERTIONS = NO;
				ENABLE_STRICT_OBJC_MSGSEND = YES;
				ENABLE_USER_SCRIPT_SANDBOXING = YES;
				GCC_C_LANGUAGE_STANDARD = gnu17;
				GCC_NO_COMMON_BLOCKS = YES;
				GCC_WARN_64_TO_32_BIT_CONVERSION = YES;
				GCC_WARN_ABOUT_RETURN_TYPE = YES_ERROR;
				GCC_WARN_UNDECLARED_SELECTOR = YES;
				GCC_WARN_UNINITIALIZED_AUTOS = YES_AGGRESSIVE;
				GCC_WARN_UNUSED_FUNCTION = YES;
				GCC_WARN_UNUSED_VARIABLE = YES;
				IPHONEOS_DEPLOYMENT_TARGET = 17.5;
				LOCALIZATION_PREFERS_STRING_CATALOGS = YES;
				MTL_ENABLE_DEBUG_INFO = NO;
				MTL_FAST_MATH = YES;
				SDKROOT = iphoneos;
				SWIFT_COMPILATION_MODE = wholemodule;
				VALIDATE_PRODUCT = YES;
			};
			name = Release;
		};
		93B398CD2CA2765E0069D8B9 /* Debug */ = {
			isa = XCBuildConfiguration;
			baseConfigurationReference = 1F8A9CBEA59C6F43E15A46E6 /* Pods-Calendar17.debug.xcconfig */;
			buildSettings = {
				ASSETCATALOG_COMPILER_APPICON_NAME = AppIcon;
				ASSETCATALOG_COMPILER_GLOBAL_ACCENT_COLOR_NAME = AccentColor;
				CODE_SIGN_STYLE = Automatic;
				CURRENT_PROJECT_VERSION = 1;
				DEVELOPMENT_ASSET_PATHS = "\"Calendar17/Preview Content\"";
				DEVELOPMENT_TEAM = "";
				ENABLE_PREVIEWS = YES;
				GENERATE_INFOPLIST_FILE = YES;
				INFOPLIST_FILE = "";
				INFOPLIST_KEY_UIApplicationSceneManifest_Generation = YES;
				INFOPLIST_KEY_UIApplicationSupportsIndirectInputEvents = YES;
				INFOPLIST_KEY_UILaunchScreen_Generation = YES;
				INFOPLIST_KEY_UISupportedInterfaceOrientations_iPad = "UIInterfaceOrientationPortrait UIInterfaceOrientationPortraitUpsideDown UIInterfaceOrientationLandscapeLeft UIInterfaceOrientationLandscapeRight";
				INFOPLIST_KEY_UISupportedInterfaceOrientations_iPhone = "UIInterfaceOrientationPortrait UIInterfaceOrientationLandscapeLeft UIInterfaceOrientationLandscapeRight";
				LD_RUNPATH_SEARCH_PATHS = (
					"$(inherited)",
					"@executable_path/Frameworks",
				);
				MARKETING_VERSION = 1.0;
				PRODUCT_BUNDLE_IDENTIFIER = joijoipo.Calendar17;
				PRODUCT_NAME = "$(TARGET_NAME)";
				SWIFT_EMIT_LOC_STRINGS = YES;
				SWIFT_VERSION = 5.0;
				TARGETED_DEVICE_FAMILY = "1,2";
			};
			name = Debug;
		};
		93B398CE2CA2765E0069D8B9 /* Release */ = {
			isa = XCBuildConfiguration;
			baseConfigurationReference = 0B7EBEF91CC6867D8F3DB504 /* Pods-Calendar17.release.xcconfig */;
			buildSettings = {
				ASSETCATALOG_COMPILER_APPICON_NAME = AppIcon;
				ASSETCATALOG_COMPILER_GLOBAL_ACCENT_COLOR_NAME = AccentColor;
				CODE_SIGN_STYLE = Automatic;
				CURRENT_PROJECT_VERSION = 1;
				DEVELOPMENT_ASSET_PATHS = "\"Calendar17/Preview Content\"";
				DEVELOPMENT_TEAM = "";
				ENABLE_PREVIEWS = YES;
				GENERATE_INFOPLIST_FILE = YES;
				INFOPLIST_FILE = "";
				INFOPLIST_KEY_UIApplicationSceneManifest_Generation = YES;
				INFOPLIST_KEY_UIApplicationSupportsIndirectInputEvents = YES;
				INFOPLIST_KEY_UILaunchScreen_Generation = YES;
				INFOPLIST_KEY_UISupportedInterfaceOrientations_iPad = "UIInterfaceOrientationPortrait UIInterfaceOrientationPortraitUpsideDown UIInterfaceOrientationLandscapeLeft UIInterfaceOrientationLandscapeRight";
				INFOPLIST_KEY_UISupportedInterfaceOrientations_iPhone = "UIInterfaceOrientationPortrait UIInterfaceOrientationLandscapeLeft UIInterfaceOrientationLandscapeRight";
				LD_RUNPATH_SEARCH_PATHS = (
					"$(inherited)",
					"@executable_path/Frameworks",
				);
				MARKETING_VERSION = 1.0;
				PRODUCT_BUNDLE_IDENTIFIER = joijoipo.Calendar17;
				PRODUCT_NAME = "$(TARGET_NAME)";
				SWIFT_EMIT_LOC_STRINGS = YES;
				SWIFT_VERSION = 5.0;
				TARGETED_DEVICE_FAMILY = "1,2";
			};
			name = Release;
		};
/* End XCBuildConfiguration section */

/* Begin XCConfigurationList section */
		93B398B92CA2765B0069D8B9 /* Build configuration list for PBXProject "Calendar17" */ = {
			isa = XCConfigurationList;
			buildConfigurations = (
				93B398CA2CA2765E0069D8B9 /* Debug */,
				93B398CB2CA2765E0069D8B9 /* Release */,
			);
			defaultConfigurationIsVisible = 0;
			defaultConfigurationName = Release;
		};
		93B398CC2CA2765E0069D8B9 /* Build configuration list for PBXNativeTarget "Calendar17" */ = {
			isa = XCConfigurationList;
			buildConfigurations = (
				93B398CD2CA2765E0069D8B9 /* Debug */,
				93B398CE2CA2765E0069D8B9 /* Release */,
			);
			defaultConfigurationIsVisible = 0;
			defaultConfigurationName = Release;
		};
/* End XCConfigurationList section */

/* Begin XCRemoteSwiftPackageReference section */
		C68203BD2D2B85640097E616 /* XCRemoteSwiftPackageReference "firebase-ios-sdk" */ = {
			isa = XCRemoteSwiftPackageReference;
			repositoryURL = "https://github.com/firebase/firebase-ios-sdk";
			requirement = {
				kind = upToNextMajorVersion;
				minimumVersion = 11.6.0;
			};
		};
/* End XCRemoteSwiftPackageReference section */

/* Begin XCVersionGroup section */
		931DF5BE2CCF2B6B0014B1F9 /* Calendar17.xcdatamodeld */ = {
			isa = XCVersionGroup;
			children = (
				9359E8322CE1DD8800299D82 /* Model 4.xcdatamodel */,
				9359E82D2CDC855100299D82 /* Model 3.xcdatamodel */,
				934CC8B32CDC614200B82C55 /* Model 2.xcdatamodel */,
				931DF5BF2CCF2B6B0014B1F9 /* Model.xcdatamodel */,
			);
			currentVersion = 9359E8322CE1DD8800299D82 /* Model 4.xcdatamodel */;
			path = Calendar17.xcdatamodeld;
			sourceTree = "<group>";
			versionGroupType = wrapper.xcdatamodel;
		};
/* End XCVersionGroup section */
	};
	rootObject = 93B398B62CA2765B0069D8B9 /* Project object */;
}
